PODS:
  - Alamofire (5.4.1)
  - Kingfisher (6.0.0)
  - Moya (14.0.0):
    - Moya/Core (= 14.0.0)
  - Moya/Core (14.0.0):
    - Alamofire (~> 5.0)
  - R.swift (5.3.1):
    - R.swift.Library (~> 5.3.0)
  - R.swift.Library (5.3.0)

DEPENDENCIES:
  - Alamofire
  - Kingfisher
  - Moya
  - R.swift

SPEC REPOS:
  trunk:
    - Alamofire
    - Kingfisher
    - Moya
    - R.swift
    - R.swift.Library

SPEC CHECKSUMS:
  Alamofire: 2291f7d21ca607c491dd17642e5d40fdcda0e65c
  Kingfisher: 13f6e68c928eb50439b5cb2ea75d6035018438ea
  Moya: 5b45dacb75adb009f97fde91c204c1e565d31916
  R.swift: 56ec7e3aef34b9eee47a659e42462db2c1cc5ac3
  R.swift.Library: 0fc583cb55a99e28901299cc451614cad1161962

PODFILE CHECKSUM: 07f6fcf64e47c7d698a767a80457e9a64d87fff6

COCOAPODS: 1.10.0
